# THIS IS AN AUTOGENERATED FILE. DO NOT EDIT THIS FILE DIRECTLY.
# yarn lockfile v1


babel-runtime@^6.26.0:
  version "6.26.0"
  resolved "https://registry.yarnpkg.com/babel-runtime/-/babel-runtime-6.26.0.tgz#965c7058668e82b55d7bfe04ff2337bc8b5647fe"
  integrity sha1-llxwWGaOgrVde/4E/yM3vItWR/4=
  dependencies:
    core-js "^2.4.0"
    regenerator-runtime "^0.11.0"

core-js@^2.4.0:
  version "2.6.9"
  resolved "https://registry.yarnpkg.com/core-js/-/core-js-2.6.9.tgz#6b4b214620c834152e179323727fc19741b084f2"
  integrity sha512-HOpZf6eXmnl7la+cUdMnLvUxKNqLUzJvgIziQ0DiF3JwSImNphIqdGqzj6hIKyX04MmV0poclQ7+wjWvxQyR2A==

iconv-lite@^0.5.0:
  version "0.5.0"
  resolved "https://registry.yarnpkg.com/iconv-lite/-/iconv-lite-0.5.0.tgz#59cdde0a2a297cc2aeb0c6445a195ee89f127550"
  integrity sha512-NnEhI9hIEKHOzJ4f697DMz9IQEXr/MMJ5w64vN2/4Ai+wRnvV7SBrL0KLoRlwaKVghOc7LQ5YkPLuX146b6Ydw==
  dependencies:
    safer-buffer ">= 2.1.2 < 3"

lodash@^4.17.21:
  version "4.17.21"
  resolved "https://registry.yarnpkg.com/lodash/-/lodash-4.17.21.tgz#679591c564c3bffaae8454cf0b3df370c3d6911c"
  integrity sha512-v2kDEe57lecTulaDIuNTPy3Ry4gLGJ6Z1O3vE1krgXZNrsQ+LFTGHVxVjcXPs17LhbZVGedAJv8XZ1tvj5FvSg==

ow-lite@^0.0.2:
  version "0.0.2"
  resolved "https://registry.yarnpkg.com/ow-lite/-/ow-lite-0.0.2.tgz#df9f500e6740b6590a1e9a965730d49a8eb597d1"
  integrity sha1-359QDmdAtlkKHpqWVzDUmo61l9E=

ow@^0.4.0:
  version "0.4.0"
  resolved "https://registry.yarnpkg.com/ow/-/ow-0.4.0.tgz#119a846d23738ce11677331fef8a3fbe019eb05b"
  integrity sha512-kJNzxUgVd6EF5LoGs+s2/etJPwjfRDLXPTCfEgV8At77sRrV+PSFA8lcoW2HF15Qd455mIR2Stee/2MzDiFBDA==

random@^2.1.1:
  version "2.1.1"
  resolved "https://registry.yarnpkg.com/random/-/random-2.1.1.tgz#1229fa4a752fd9bb7a605de0d70147f8ed36cb30"
  integrity sha512-8HQriGPwjc8R+7hPOI9ZphAEEWmIt/RmuqXZ682ww9kjK5HRGXcN7hgWUxZ9AabgjZm5wIa6EwapTI1sg11XXg==
  dependencies:
    babel-runtime "^6.26.0"
    ow "^0.4.0"
    ow-lite "^0.0.2"
    seedrandom "^2.4.4"

regenerator-runtime@^0.11.0:
  version "0.11.1"
  resolved "https://registry.yarnpkg.com/regenerator-runtime/-/regenerator-runtime-0.11.1.tgz#be05ad7f9bf7d22e056f9726cee5017fbf19e2e9"
  integrity sha512-MguG95oij0fC3QV3URf4V2SDYGJhJnJGqvIIgdECeODCT98wSWDAJ94SSuVpYQUoTcGUIL6L4yNB7j1DFFHSBg==

"safer-buffer@>= 2.1.2 < 3":
  version "2.1.2"
  resolved "https://registry.yarnpkg.com/safer-buffer/-/safer-buffer-2.1.2.tgz#44fa161b0187b9549dd84bb91802f9bd8385cd6a"
  integrity sha512-YZo3K82SD7Riyi0E1EQPojLz7kpepnSQI9IyPbHHg1XXXevb5dJI7tpyN2ADxGcQbHG7vcyRHk0cbwqcQriUtg==

seedrandom@^2.4.4:
  version "2.4.4"
  resolved "https://registry.yarnpkg.com/seedrandom/-/seedrandom-2.4.4.tgz#b25ea98632c73e45f58b77cfaa931678df01f9ba"
  integrity sha512-9A+PDmgm+2du77B5i0Ip2cxOqqHjgNxnBgglxLcX78A2D6c2rTo61z4jnVABpF4cKeDMDG+cmXXvdnqse2VqMA==
